
Microsoft Visual Studio Solution File, Format Version 12.00
# Visual Studio Version 17
VisualStudioVersion = 17.13.35818.85 d17.13
MinimumVisualStudioVersion = 10.0.40219.1
Project("{D2ABAB84-BF74-430A-B69E-9DC6D40DDA17}") = "SalesCubeProject", "SalesCubeProject.dwproj", "{60C4B72D-9A34-9D14-B069-99F53FF7EF42}"
EndProject
Global
	GlobalSection(SolutionConfigurationPlatforms) = preSolution
		Development|Default = Development|Default
	EndGlobalSection
	GlobalSection(ProjectConfigurationPlatforms) = postSolution
		{60C4B72D-9A34-9D14-B069-99F53FF7EF42}.Development|Default.ActiveCfg = Development
		{60C4B72D-9A34-9D14-B069-99F53FF7EF42}.Development|Default.Build.0 = Development
		{60C4B72D-9A34-9D14-B069-99F53FF7EF42}.Development|Default.Deploy.0 = Development
	EndGlobalSection
	GlobalSection(SolutionProperties) = preSolution
		HideSolutionNode = FALSE
	EndGlobalSection
	GlobalSection(ExtensibilityGlobals) = postSolution
		SolutionGuid = {E47D7946-9B85-4B47-9E0C-DCB21B7C6DE5}
	EndGlobalSection
EndGlobal
